Success is not in what you have, but who you are. Sharding Framework Zero Downtime Deployment Optimization Version Control Predictive Analytics Latency Optimization Kubernetes Agile Testing A/B Testing Great things never come from comfort zones.
Docker Kafka IoT UX Optimization Don't be afraid to give up the good to go for the great. Success is not in what you have, but who you are.
