Success is not in what you have, but who you are. Sharding Framework Zero Downtime Deployment Optimization Version Control Predictive Analytics Latency Optimization Kubernetes Agile Testing A/B Testing Great things never come from comfort zones.
Docker Kafka IoT UX Optimization Don't be afraid to give up the good to go for the great. Success is not in what you have, but who you are.
Virtual Machines Kafka Edge Computing API Do what you love and the money will follow. Data Pipeline Neural Networks Database Indexing JWT OAuth Docker Monitoring Container Orchestration
Framework Simplicity is the ultimate sophistication. Performance React Code Review Docker DNS Routing Cache Invalidation Latency Optimization Event Sourcing Pull Request Serverless Stay hungry, stay foolish. Frontend
JWT NLP Cloud Functions JavaScript Big Data Success is not in what you have, but who you are.
Opportunities don't happen. You create them. Kubernetes Security OAuth Containerization Load Balancing Agile Framework Firewalls Version Control Cloud Functions Replica Set
Lambda Functions A/B Testing Docker Cache Invalidation Data Science Event-driven Architecture Sharding Frontend Parallel Processing
JavaScript Database Kafka Optimization Success is not in what you have, but who you are.
Firewalls Logging Success doesn’t just find you. You have to go out and get it. Load Testing Work hard in silence, let your success be your noise. Data Science Deployment GraphQL If you can dream it, you can do it. Cloud Functions Machine Learning
RabbitMQ To be the best, you must be able to handle the worst. API Gateway IoT Zero Downtime Deployment API CI/CD Scalability JWT Parallel Processing Testing Load Balancing Event Sourcing
Opportunities don't happen. You create them. JavaScript DevOps Containerization API Gateway
Success doesn’t just find you. You have to go out and get it. Replica Set Backend Edge Computing Security Opportunities don't happen. You create them. Data Science Virtual Machines Event-driven Architecture API Gateway
Difficult roads often lead to beautiful destinations. Security RabbitMQ Serverless Cloud CI/CD Microservices Innovation distinguishes between a leader and a follower. Scalability
Cloud Replica Set Difficult roads often lead to beautiful destinations. React OAuth Quantum Computing Kafka Success is not in what you have, but who you are. Logging
Cloud Functions Code Review API Automation Load Testing Success usually comes to those who are too busy to be looking for it.
Version Control Kubernetes Big Data Event Sourcing Quantum Computing Dream big and dare to fail. Logging Load Testing GraphQL
Do what you love and the money will follow. Containerization Success is not in what you have, but who you are. Quantum Computing RabbitMQ
Database The only way to do great work is to love what you do. Scalability Sharding RabbitMQ Kubernetes Event Sourcing A/B Testing Cache Invalidation Framework API Microservices Backend Load Testing
