Success is not in what you have, but who you are. Sharding Framework Zero Downtime Deployment Optimization Version Control Predictive Analytics Latency Optimization Kubernetes Agile Testing A/B Testing Great things never come from comfort zones.
Docker Kafka IoT UX Optimization Don't be afraid to give up the good to go for the great. Success is not in what you have, but who you are.
Virtual Machines Kafka Edge Computing API Do what you love and the money will follow. Data Pipeline Neural Networks Database Indexing JWT OAuth Docker Monitoring Container Orchestration
Framework Simplicity is the ultimate sophistication. Performance React Code Review Docker DNS Routing Cache Invalidation Latency Optimization Event Sourcing Pull Request Serverless Stay hungry, stay foolish. Frontend
JWT NLP Cloud Functions JavaScript Big Data Success is not in what you have, but who you are.
Opportunities don't happen. You create them. Kubernetes Security OAuth Containerization Load Balancing Agile Framework Firewalls Version Control Cloud Functions Replica Set
Lambda Functions A/B Testing Docker Cache Invalidation Data Science Event-driven Architecture Sharding Frontend Parallel Processing
JavaScript Database Kafka Optimization Success is not in what you have, but who you are.
Firewalls Logging Success doesn’t just find you. You have to go out and get it. Load Testing Work hard in silence, let your success be your noise. Data Science Deployment GraphQL If you can dream it, you can do it. Cloud Functions Machine Learning
